PODS:
  - CocoaLumberjack (3.2.1):
    - CocoaLumberjack/Default (= 3.2.1)
    - CocoaLumberjack/Extensions (= 3.2.1)
  - CocoaLumberjack/Default (3.2.1)
  - CocoaLumberjack/Extensions (3.2.1):
    - CocoaLumberjack/Default
  - NSObject-SafeExpectations (0.0.2)
  - WordPress-iOS-Editor (1.9.7):
    - CocoaLumberjack (~> 3.2.0)
    - NSObject-SafeExpectations (~> 0.0.2)

DEPENDENCIES:
  - CocoaLumberjack (~> 3.2.1)
  - WordPress-iOS-Editor (from `../`)

SPEC REPOS:
  https://github.com/CocoaPods/Specs.git:
    - CocoaLumberjack
    - NSObject-SafeExpectations

EXTERNAL SOURCES:
  WordPress-iOS-Editor:
    :path: "../"

SPEC CHECKSUMS:
  CocoaLumberjack: 2800c03334042fe80589423c8d80e582dcaec482
  NSObject-SafeExpectations: 7d7f48df90df4e11da7cfe86b64f45eff7a7f521
  WordPress-iOS-Editor: d3cfa6f2b156d6f84e614ca0f436f74de5cc735d

PODFILE CHECKSUM: 0f3a9c7203dfc84e0ac3b51649768b05e3cd8fa5

COCOAPODS: 1.5.0
